{
  "version": 4,
  "terraform_version": "1.5.3",
  "serial": 46,
  "lineage": "080e5ae7-ab0c-25e9-6014-665024aed0b2",
  "outputs": {},
  "resources": [
    {
      "module": "module.google_api_gateway_api",
      "mode": "managed",
      "type": "google_api_gateway_api",
      "name": "api_gw",
      "provider": "module.google_api_gateway_api.provider[\"registry.terraform.io/hashicorp/google-beta\"]",
      "instances": [
        {
          "schema_version": 0,
          "attributes": {
            "api_id": "api-gw",
            "create_time": "2024-04-27T06:11:30.201106966Z",
            "display_name": "GCP-POD_API Gateway",
            "effective_labels": {},
            "id": "projects/ceq-devops-sandbox/locations/global/apis/api-gw",
            "labels": null,
            "managed_service": "api-gw-370m4o041g9j7.apigateway.ceq-devops-sandbox.cloud.goog",
            "name": "projects/ceq-devops-sandbox/locations/global/apis/api-gw",
            "project": "ceq-devops-sandbox",
            "terraform_labels": {},
            "timeouts": null
          },
          "sensitive_attributes": [],
          "private": "eyJlMmJmYjczMC1lY2FhLTExZTYtOGY4OC0zNDM2M2JjN2M0YzAiOnsiY3JlYXRlIjoxMjAwMDAwMDAwMDAwLCJkZWxldGUiOjEyMDAwMDAwMDAwMDAsInVwZGF0ZSI6MTIwMDAwMDAwMDAwMH19"
        }
      ]
    },
    {
      "module": "module.google_api_gateway_api",
      "mode": "managed",
      "type": "google_api_gateway_api_config",
      "name": "api_cfg",
      "provider": "module.google_api_gateway_api.provider[\"registry.terraform.io/hashicorp/google-beta\"]",
      "instances": [
        {
          "schema_version": 0,
          "attributes": {
            "api": "api-gw",
            "api_config_id": "api20240427061314429100000001",
            "api_config_id_prefix": "api",
            "display_name": "GCP-POD_The Config",
            "effective_labels": {},
            "gateway_config": [],
            "grpc_services": [],
            "id": "projects/ceq-devops-sandbox/locations/global/apis/api-gw/configs/api20240427061314429100000001",
            "labels": null,
            "managed_service_configs": [],
            "name": "projects/354800426507/locations/global/apis/api-gw/configs/api20240427061314429100000001",
            "openapi_documents": [
              {
                "document": [
                  {
                    "contents": "c3dhZ2dlcjogJzIuMCcNCmluZm86DQogIHRpdGxlOiBhcGktZ2F0ZXdheQ0KICBkZXNjcmlwdGlvbjogQVBJIEdhdGV3YXkNCiAgdmVyc2lvbjogMS4wLjANCnNjaGVtZXM6DQogIC0gaHR0cHMNCnByb2R1Y2VzOg0KICAtIGFwcGxpY2F0aW9uL2pzb24NCnBhdGhzOg0KICAvdjEvaGVsbG86DQogICAgZ2V0Og0KICAgICAgc3VtbWFyeTogSGkgU2VydmljZQ0KICAgICAgb3BlcmF0aW9uSWQ6IGhlbGxvLXYxDQogICAgICB4LWdvb2dsZS1iYWNrZW5kOg0KICAgICAgICBhZGRyZXNzOiBodHRwczovL2NlcS1kZXZvcHMtc2FuZGJveC5jbG91ZHJ1bi5uZXQvSGFuZGxlckVjaG8NCiAgICAgIHJlc3BvbnNlczoNCiAgICAgICAgJzIwMCc6DQogICAgICAgICAgZGVzY3JpcHRpb246IE9LDQogICAgICAgICAg",
                    "path": "spec.yaml"
                  }
                ]
              }
            ],
            "project": "ceq-devops-sandbox",
            "service_config_id": "api20240427061314429100000001-3kbf6olbc3557",
            "terraform_labels": {},
            "timeouts": null
          },
          "sensitive_attributes": [],
          "private": "eyJlMmJmYjczMC1lY2FhLTExZTYtOGY4OC0zNDM2M2JjN2M0YzAiOnsiY3JlYXRlIjoxMjAwMDAwMDAwMDAwLCJkZWxldGUiOjEyMDAwMDAwMDAwMDAsInVwZGF0ZSI6MTIwMDAwMDAwMDAwMH19",
          "dependencies": [
            "module.google_api_gateway_api.google_api_gateway_api.api_gw"
          ]
        }
      ]
    },
    {
      "module": "module.google_api_gateway_api",
      "mode": "managed",
      "type": "google_api_gateway_gateway",
      "name": "gw",
      "provider": "module.google_api_gateway_api.provider[\"registry.terraform.io/hashicorp/google-beta\"]",
      "instances": [
        {
          "schema_version": 0,
          "attributes": {
            "api_config": "projects/354800426507/locations/global/apis/api-gw/configs/api20240427061314429100000001",
            "default_hostname": "gw-4izr0h6z.ew.gateway.dev",
            "display_name": "GCP-POD_The Gateway",
            "effective_labels": {},
            "gateway_id": "gw",
            "id": "projects/ceq-devops-sandbox/locations/europe-west1/gateways/gw",
            "labels": null,
            "name": "projects/ceq-devops-sandbox/locations/europe-west1/gateways/gw",
            "project": "ceq-devops-sandbox",
            "region": "europe-west1",
            "terraform_labels": {},
            "timeouts": null
          },
          "sensitive_attributes": [],
          "private": "eyJlMmJmYjczMC1lY2FhLTExZTYtOGY4OC0zNDM2M2JjN2M0YzAiOnsiY3JlYXRlIjoxMjAwMDAwMDAwMDAwLCJkZWxldGUiOjEyMDAwMDAwMDAwMDAsInVwZGF0ZSI6MTIwMDAwMDAwMDAwMH19",
          "dependencies": [
            "module.google_api_gateway_api.google_api_gateway_api.api_gw",
            "module.google_api_gateway_api.google_api_gateway_api_config.api_cfg"
          ]
        }
      ]
    }
  ],
  "check_results": null
}
